
Microsoft Visual Studio Solution File, Format Version 12.00
# Visual Studio Version 17
VisualStudioVersion = 17.14.36908.2 d17.14
MinimumVisualStudioVersion = 10.0.40219.1
Project("{FAE04EC0-301F-11D3-BF4B-00C04F79EFBC}") = "badanie_efektywnosc_algorytmow", "badanie_efektywnosc_algorytmow.csproj", "{B022F964-3830-46A8-9544-C4ADCA16FDA4}"
EndProject
Global
	GlobalSection(SolutionConfigurationPlatforms) = preSolution
		Debug|Any CPU = Debug|Any CPU
		Release|Any CPU = Release|Any CPU
	EndGlobalSection
	GlobalSection(ProjectConfigurationPlatforms) = postSolution
		{B022F964-3830-46A8-9544-C4ADCA16FDA4}.Debug|Any CPU.ActiveCfg = Debug|Any CPU
		{B022F964-3830-46A8-9544-C4ADCA16FDA4}.Debug|Any CPU.Build.0 = Debug|Any CPU
		{B022F964-3830-46A8-9544-C4ADCA16FDA4}.Release|Any CPU.ActiveCfg = Release|Any CPU
		{B022F964-3830-46A8-9544-C4ADCA16FDA4}.Release|Any CPU.Build.0 = Release|Any CPU
	EndGlobalSection
	GlobalSection(SolutionProperties) = preSolution
		HideSolutionNode = FALSE
	EndGlobalSection
	GlobalSection(ExtensibilityGlobals) = postSolution
		SolutionGuid = {69E37820-8724-44BD-AE43-F1377B3EC570}
	EndGlobalSection
EndGlobal
